
Microsoft Visual Studio Solution File, Format Version 12.00
# Visual Studio 15
VisualStudioVersion = 15.0.27004.2005
MinimumVisualStudioVersion = 10.0.40219.1
Project("{9A19103F-16F7-4668-BE54-9A1E7A4F7556}") = "Capitol2", "Capitol2\Capitol2.csproj", "{6519AF23-8920-4AF9-AC35-BDFB765B12E2}"
EndProject
Project("{9A19103F-16F7-4668-BE54-9A1E7A4F7556}") = "Capitol4", "Capitol4\Capitol4.csproj", "{45055EB3-F39D-4BAD-BA86-BFF9BD632C00}"
EndProject
Project("{FAE04EC0-301F-11D3-BF4B-00C04F79EFBC}") = "SportsStore", "Capitol8\SportsStore.csproj", "{09E74C04-708D-4CD0-8437-09E54DE64350}"
EndProject
Project("{FAE04EC0-301F-11D3-BF4B-00C04F79EFBC}") = "SportsStore.Tests", "SportsStore.Tests\SportsStore.Tests.csproj", "{B9657BFF-2ACB-4EB3-BE53-126FD74E796A}"
EndProject
Global
	GlobalSection(SolutionConfigurationPlatforms) = preSolution
		Debug|Any CPU = Debug|Any CPU
		Release|Any CPU = Release|Any CPU
	EndGlobalSection
	GlobalSection(ProjectConfigurationPlatforms) = postSolution
		{6519AF23-8920-4AF9-AC35-BDFB765B12E2}.Debug|Any CPU.ActiveCfg = Debug|Any CPU
		{6519AF23-8920-4AF9-AC35-BDFB765B12E2}.Debug|Any CPU.Build.0 = Debug|Any CPU
		{6519AF23-8920-4AF9-AC35-BDFB765B12E2}.Release|Any CPU.ActiveCfg = Release|Any CPU
		{6519AF23-8920-4AF9-AC35-BDFB765B12E2}.Release|Any CPU.Build.0 = Release|Any CPU
		{45055EB3-F39D-4BAD-BA86-BFF9BD632C00}.Debug|Any CPU.ActiveCfg = Debug|Any CPU
		{45055EB3-F39D-4BAD-BA86-BFF9BD632C00}.Debug|Any CPU.Build.0 = Debug|Any CPU
		{45055EB3-F39D-4BAD-BA86-BFF9BD632C00}.Release|Any CPU.ActiveCfg = Release|Any CPU
		{45055EB3-F39D-4BAD-BA86-BFF9BD632C00}.Release|Any CPU.Build.0 = Release|Any CPU
		{09E74C04-708D-4CD0-8437-09E54DE64350}.Debug|Any CPU.ActiveCfg = Debug|Any CPU
		{09E74C04-708D-4CD0-8437-09E54DE64350}.Debug|Any CPU.Build.0 = Debug|Any CPU
		{09E74C04-708D-4CD0-8437-09E54DE64350}.Release|Any CPU.ActiveCfg = Release|Any CPU
		{09E74C04-708D-4CD0-8437-09E54DE64350}.Release|Any CPU.Build.0 = Release|Any CPU
		{B9657BFF-2ACB-4EB3-BE53-126FD74E796A}.Debug|Any CPU.ActiveCfg = Debug|Any CPU
		{B9657BFF-2ACB-4EB3-BE53-126FD74E796A}.Debug|Any CPU.Build.0 = Debug|Any CPU
		{B9657BFF-2ACB-4EB3-BE53-126FD74E796A}.Release|Any CPU.ActiveCfg = Release|Any CPU
		{B9657BFF-2ACB-4EB3-BE53-126FD74E796A}.Release|Any CPU.Build.0 = Release|Any CPU
	EndGlobalSection
	GlobalSection(SolutionProperties) = preSolution
		HideSolutionNode = FALSE
	EndGlobalSection
	GlobalSection(ExtensibilityGlobals) = postSolution
		SolutionGuid = {5B352A3D-9C79-47B0-AA6D-807FD2B83AAC}
	EndGlobalSection
EndGlobal
