
Microsoft Visual Studio Solution File, Format Version 12.00
# Visual Studio 15
VisualStudioVersion = 15.0.27004.2005
MinimumVisualStudioVersion = 10.0.40219.1
Project("{FAE04EC0-301F-11D3-BF4B-00C04F79EFBC}") = "Capitol2", "Capitol2\Capitol2.csproj", "{6519AF23-8920-4AF9-AC35-BDFB765B12E2}"
EndProject
Global
	GlobalSection(SolutionConfigurationPlatforms) = preSolution
		Debug|Any CPU = Debug|Any CPU
		Release|Any CPU = Release|Any CPU
	EndGlobalSection
	GlobalSection(ProjectConfigurationPlatforms) = postSolution
		{6519AF23-8920-4AF9-AC35-BDFB765B12E2}.Debug|Any CPU.ActiveCfg = Debug|Any CPU
		{6519AF23-8920-4AF9-AC35-BDFB765B12E2}.Debug|Any CPU.Build.0 = Debug|Any CPU
		{6519AF23-8920-4AF9-AC35-BDFB765B12E2}.Release|Any CPU.ActiveCfg = Release|Any CPU
		{6519AF23-8920-4AF9-AC35-BDFB765B12E2}.Release|Any CPU.Build.0 = Release|Any CPU
	EndGlobalSection
	GlobalSection(SolutionProperties) = preSolution
		HideSolutionNode = FALSE
	EndGlobalSection
	GlobalSection(ExtensibilityGlobals) = postSolution
		SolutionGuid = {5B352A3D-9C79-47B0-AA6D-807FD2B83AAC}
	EndGlobalSection
EndGlobal
